
Microsoft Visual Studio Solution File, Format Version 12.00
# Visual Studio Version 16
VisualStudioVersion = 16.0.29403.142
MinimumVisualStudioVersion = 10.0.40219.1
Project("{FAE04EC0-301F-11D3-BF4B-00C04F79EFBC}") = "UserMaintenance", "UserMaintenance\UserMaintenance.csproj", "{C7EFF860-B833-41ED-BE7F-F7A8585BD831}"
EndProject
Global
	GlobalSection(SolutionConfigurationPlatforms) = preSolution
		Debug|Any CPU = Debug|Any CPU
		Release|Any CPU = Release|Any CPU
	EndGlobalSection
	GlobalSection(ProjectConfigurationPlatforms) = postSolution
		{C7EFF860-B833-41ED-BE7F-F7A8585BD831}.Debug|Any CPU.ActiveCfg = Debug|Any CPU
		{C7EFF860-B833-41ED-BE7F-F7A8585BD831}.Debug|Any CPU.Build.0 = Debug|Any CPU
		{C7EFF860-B833-41ED-BE7F-F7A8585BD831}.Release|Any CPU.ActiveCfg = Release|Any CPU
		{C7EFF860-B833-41ED-BE7F-F7A8585BD831}.Release|Any CPU.Build.0 = Release|Any CPU
	EndGlobalSection
	GlobalSection(SolutionProperties) = preSolution
		HideSolutionNode = FALSE
	EndGlobalSection
	GlobalSection(ExtensibilityGlobals) = postSolution
		SolutionGuid = {96270C58-3AD6-434E-92DD-E111A1FC97BC}
	EndGlobalSection
EndGlobal
